
Microsoft Visual Studio Solution File, Format Version 12.00
# Visual Studio 15
VisualStudioVersion = 15.0.28307.572
MinimumVisualStudioVersion = 10.0.40219.1
Project("{FAE04EC0-301F-11D3-BF4B-00C04F79EFBC}") = "ProtectTheWorld", "ProtectTheWorld\ProtectTheWorld.csproj", "{CFFD206C-4461-4B5A-88CD-30C52BFCA2A1}"
EndProject
Global
	GlobalSection(SolutionConfigurationPlatforms) = preSolution
		Debug|ARM = Debug|ARM
		Debug|x64 = Debug|x64
		Debug|x86 = Debug|x86
		Release|ARM = Release|ARM
		Release|x64 = Release|x64
		Release|x86 = Release|x86
	EndGlobalSection
	GlobalSection(ProjectConfigurationPlatforms) = postSolution
		{CFFD206C-4461-4B5A-88CD-30C52BFCA2A1}.Debug|ARM.ActiveCfg = Debug|ARM
		{CFFD206C-4461-4B5A-88CD-30C52BFCA2A1}.Debug|ARM.Build.0 = Debug|ARM
		{CFFD206C-4461-4B5A-88CD-30C52BFCA2A1}.Debug|ARM.Deploy.0 = Debug|ARM
		{CFFD206C-4461-4B5A-88CD-30C52BFCA2A1}.Debug|x64.ActiveCfg = Debug|x64
		{CFFD206C-4461-4B5A-88CD-30C52BFCA2A1}.Debug|x64.Build.0 = Debug|x64
		{CFFD206C-4461-4B5A-88CD-30C52BFCA2A1}.Debug|x64.Deploy.0 = Debug|x64
		{CFFD206C-4461-4B5A-88CD-30C52BFCA2A1}.Debug|x86.ActiveCfg = Debug|x86
		{CFFD206C-4461-4B5A-88CD-30C52BFCA2A1}.Debug|x86.Build.0 = Debug|x86
		{CFFD206C-4461-4B5A-88CD-30C52BFCA2A1}.Debug|x86.Deploy.0 = Debug|x86
		{CFFD206C-4461-4B5A-88CD-30C52BFCA2A1}.Release|ARM.ActiveCfg = Release|ARM
		{CFFD206C-4461-4B5A-88CD-30C52BFCA2A1}.Release|ARM.Build.0 = Release|ARM
		{CFFD206C-4461-4B5A-88CD-30C52BFCA2A1}.Release|ARM.Deploy.0 = Release|ARM
		{CFFD206C-4461-4B5A-88CD-30C52BFCA2A1}.Release|x64.ActiveCfg = Release|x64
		{CFFD206C-4461-4B5A-88CD-30C52BFCA2A1}.Release|x64.Build.0 = Release|x64
		{CFFD206C-4461-4B5A-88CD-30C52BFCA2A1}.Release|x64.Deploy.0 = Release|x64
		{CFFD206C-4461-4B5A-88CD-30C52BFCA2A1}.Release|x86.ActiveCfg = Release|x86
		{CFFD206C-4461-4B5A-88CD-30C52BFCA2A1}.Release|x86.Build.0 = Release|x86
		{CFFD206C-4461-4B5A-88CD-30C52BFCA2A1}.Release|x86.Deploy.0 = Release|x86
	EndGlobalSection
	GlobalSection(SolutionProperties) = preSolution
		HideSolutionNode = FALSE
	EndGlobalSection
	GlobalSection(ExtensibilityGlobals) = postSolution
		SolutionGuid = {D2201E9E-3F37-4C23-A30A-CAFA83AFCFEC}
	EndGlobalSection
EndGlobal
